
Microsoft Visual Studio Solution File, Format Version 12.00
Project("{FAE04EC0-301F-11D3-BF4B-00C04F79EFBC}") = "CommunicationPattern", "CommunicationPattern\CommunicationPattern.csproj", "{0522FE52-06BC-493C-8C5E-EFB2E23CDDDB}"
EndProject
Project("{FAE04EC0-301F-11D3-BF4B-00C04F79EFBC}") = "DataLayerRefactoring", "DataLayerRefactoring\DataLayerRefactoring.csproj", "{29D646EE-4324-4A7E-A381-AFFD810A1582}"
EndProject
Project("{FAE04EC0-301F-11D3-BF4B-00C04F79EFBC}") = "BadCode", "BadCode\BadCode.csproj", "{A1DFA2BC-7529-4CCD-8B65-848463FFAFA2}"
EndProject
Global
	GlobalSection(SolutionConfigurationPlatforms) = preSolution
		Debug|Any CPU = Debug|Any CPU
		Release|Any CPU = Release|Any CPU
	EndGlobalSection
	GlobalSection(ProjectConfigurationPlatforms) = postSolution
		{0522FE52-06BC-493C-8C5E-EFB2E23CDDDB}.Debug|Any CPU.ActiveCfg = Debug|Any CPU
		{0522FE52-06BC-493C-8C5E-EFB2E23CDDDB}.Debug|Any CPU.Build.0 = Debug|Any CPU
		{0522FE52-06BC-493C-8C5E-EFB2E23CDDDB}.Release|Any CPU.ActiveCfg = Release|Any CPU
		{0522FE52-06BC-493C-8C5E-EFB2E23CDDDB}.Release|Any CPU.Build.0 = Release|Any CPU
		{29D646EE-4324-4A7E-A381-AFFD810A1582}.Debug|Any CPU.ActiveCfg = Debug|Any CPU
		{29D646EE-4324-4A7E-A381-AFFD810A1582}.Debug|Any CPU.Build.0 = Debug|Any CPU
		{29D646EE-4324-4A7E-A381-AFFD810A1582}.Release|Any CPU.ActiveCfg = Release|Any CPU
		{29D646EE-4324-4A7E-A381-AFFD810A1582}.Release|Any CPU.Build.0 = Release|Any CPU
		{A1DFA2BC-7529-4CCD-8B65-848463FFAFA2}.Debug|Any CPU.ActiveCfg = Debug|Any CPU
		{A1DFA2BC-7529-4CCD-8B65-848463FFAFA2}.Debug|Any CPU.Build.0 = Debug|Any CPU
		{A1DFA2BC-7529-4CCD-8B65-848463FFAFA2}.Release|Any CPU.ActiveCfg = Release|Any CPU
		{A1DFA2BC-7529-4CCD-8B65-848463FFAFA2}.Release|Any CPU.Build.0 = Release|Any CPU
	EndGlobalSection
EndGlobal
